
Microsoft Visual Studio Solution File, Format Version 12.00
# Visual Studio Version 17
VisualStudioVersion = 17.7.34018.315
MinimumVisualStudioVersion = 10.0.40219.1
Project("{FAE04EC0-301F-11D3-BF4B-00C04F79EFBC}") = "Sudoku", "Sudoku.csproj", "{A6D07809-C842-4EAF-8D47-758E3C0E4635}"
EndProject
Global
	GlobalSection(SolutionConfigurationPlatforms) = preSolution
		Debug|Any CPU = Debug|Any CPU
		Release|Any CPU = Release|Any CPU
	EndGlobalSection
	GlobalSection(ProjectConfigurationPlatforms) = postSolution
		{A6D07809-C842-4EAF-8D47-758E3C0E4635}.Debug|Any CPU.ActiveCfg = Debug|Any CPU
		{A6D07809-C842-4EAF-8D47-758E3C0E4635}.Debug|Any CPU.Build.0 = Debug|Any CPU
		{A6D07809-C842-4EAF-8D47-758E3C0E4635}.Release|Any CPU.ActiveCfg = Release|Any CPU
		{A6D07809-C842-4EAF-8D47-758E3C0E4635}.Release|Any CPU.Build.0 = Release|Any CPU
	EndGlobalSection
	GlobalSection(SolutionProperties) = preSolution
		HideSolutionNode = FALSE
	EndGlobalSection
	GlobalSection(ExtensibilityGlobals) = postSolution
		SolutionGuid = {43C80757-6E1C-4438-8678-B4CF69A70C6D}
	EndGlobalSection
EndGlobal
